
Microsoft Visual Studio Solution File, Format Version 12.00
# Visual Studio Version 17
VisualStudioVersion = 17.9.34714.143
MinimumVisualStudioVersion = 10.0.40219.1
Project("{FAE04EC0-301F-11D3-BF4B-00C04F79EFBC}") = "UnitTestProject1", "UnitTestProject1\UnitTestProject1.csproj", "{6E41F38F-24B0-4C07-9E42-D005B6F57603}"
EndProject
Global
	GlobalSection(SolutionConfigurationPlatforms) = preSolution
		Debug|Any CPU = Debug|Any CPU
		Release|Any CPU = Release|Any CPU
	EndGlobalSection
	GlobalSection(ProjectConfigurationPlatforms) = postSolution
		{6E41F38F-24B0-4C07-9E42-D005B6F57603}.Debug|Any CPU.ActiveCfg = Debug|Any CPU
		{6E41F38F-24B0-4C07-9E42-D005B6F57603}.Debug|Any CPU.Build.0 = Debug|Any CPU
		{6E41F38F-24B0-4C07-9E42-D005B6F57603}.Release|Any CPU.ActiveCfg = Release|Any CPU
		{6E41F38F-24B0-4C07-9E42-D005B6F57603}.Release|Any CPU.Build.0 = Release|Any CPU
	EndGlobalSection
	GlobalSection(SolutionProperties) = preSolution
		HideSolutionNode = FALSE
	EndGlobalSection
	GlobalSection(ExtensibilityGlobals) = postSolution
		SolutionGuid = {30B619B4-8865-4105-9558-C7015765E214}
	EndGlobalSection
EndGlobal
